
Microsoft Visual Studio Solution File, Format Version 12.00
# Visual Studio Version 16
VisualStudioVersion = 16.0.31019.35
MinimumVisualStudioVersion = 10.0.40219.1
Project("{9A19103F-16F7-4668-BE54-9A1E7A4F7556}") = "Chap13App", "Chap13App\Chap13App.csproj", "{DEC45A31-4C90-4C17-8412-5CBDCD891891}"
EndProject
Project("{9A19103F-16F7-4668-BE54-9A1E7A4F7556}") = "CallbackTestApp", "CallbackTestApp\CallbackTestApp.csproj", "{EE9D4E07-2F98-446E-AA3A-0195A34310C0}"
EndProject
Project("{9A19103F-16F7-4668-BE54-9A1E7A4F7556}") = "DelegateChainApp", "DelegateChainApp\DelegateChainApp.csproj", "{40B6DCEF-5A78-424D-8ED0-1BFD969A159D}"
EndProject
Project("{FAE04EC0-301F-11D3-BF4B-00C04F79EFBC}") = "DelegateChain2App", "DelegateChain2App\DelegateChain2App.csproj", "{2E1D561D-CBC8-443C-86B1-82DFB56B1E87}"
EndProject
Project("{FAE04EC0-301F-11D3-BF4B-00C04F79EFBC}") = "UsingEventApp", "UsingEventApp\UsingEventApp.csproj", "{E3E1851F-5879-454B-A767-A20F874B892F}"
EndProject
Global
	GlobalSection(SolutionConfigurationPlatforms) = preSolution
		Debug|Any CPU = Debug|Any CPU
		Release|Any CPU = Release|Any CPU
	EndGlobalSection
	GlobalSection(ProjectConfigurationPlatforms) = postSolution
		{DEC45A31-4C90-4C17-8412-5CBDCD891891}.Debug|Any CPU.ActiveCfg = Debug|Any CPU
		{DEC45A31-4C90-4C17-8412-5CBDCD891891}.Debug|Any CPU.Build.0 = Debug|Any CPU
		{DEC45A31-4C90-4C17-8412-5CBDCD891891}.Release|Any CPU.ActiveCfg = Release|Any CPU
		{DEC45A31-4C90-4C17-8412-5CBDCD891891}.Release|Any CPU.Build.0 = Release|Any CPU
		{EE9D4E07-2F98-446E-AA3A-0195A34310C0}.Debug|Any CPU.ActiveCfg = Debug|Any CPU
		{EE9D4E07-2F98-446E-AA3A-0195A34310C0}.Debug|Any CPU.Build.0 = Debug|Any CPU
		{EE9D4E07-2F98-446E-AA3A-0195A34310C0}.Release|Any CPU.ActiveCfg = Release|Any CPU
		{EE9D4E07-2F98-446E-AA3A-0195A34310C0}.Release|Any CPU.Build.0 = Release|Any CPU
		{40B6DCEF-5A78-424D-8ED0-1BFD969A159D}.Debug|Any CPU.ActiveCfg = Debug|Any CPU
		{40B6DCEF-5A78-424D-8ED0-1BFD969A159D}.Debug|Any CPU.Build.0 = Debug|Any CPU
		{40B6DCEF-5A78-424D-8ED0-1BFD969A159D}.Release|Any CPU.ActiveCfg = Release|Any CPU
		{40B6DCEF-5A78-424D-8ED0-1BFD969A159D}.Release|Any CPU.Build.0 = Release|Any CPU
		{2E1D561D-CBC8-443C-86B1-82DFB56B1E87}.Debug|Any CPU.ActiveCfg = Debug|Any CPU
		{2E1D561D-CBC8-443C-86B1-82DFB56B1E87}.Debug|Any CPU.Build.0 = Debug|Any CPU
		{2E1D561D-CBC8-443C-86B1-82DFB56B1E87}.Release|Any CPU.ActiveCfg = Release|Any CPU
		{2E1D561D-CBC8-443C-86B1-82DFB56B1E87}.Release|Any CPU.Build.0 = Release|Any CPU
		{E3E1851F-5879-454B-A767-A20F874B892F}.Debug|Any CPU.ActiveCfg = Debug|Any CPU
		{E3E1851F-5879-454B-A767-A20F874B892F}.Debug|Any CPU.Build.0 = Debug|Any CPU
		{E3E1851F-5879-454B-A767-A20F874B892F}.Release|Any CPU.ActiveCfg = Release|Any CPU
		{E3E1851F-5879-454B-A767-A20F874B892F}.Release|Any CPU.Build.0 = Release|Any CPU
	EndGlobalSection
	GlobalSection(SolutionProperties) = preSolution
		HideSolutionNode = FALSE
	EndGlobalSection
	GlobalSection(ExtensibilityGlobals) = postSolution
		SolutionGuid = {C93138AA-4DFF-4E50-A503-BAE5AAFC18C7}
	EndGlobalSection
EndGlobal
