
Microsoft Visual Studio Solution File, Format Version 12.00
# Visual Studio Version 16
VisualStudioVersion = 16.0.30907.101
MinimumVisualStudioVersion = 10.0.40219.1
Project("{FAE04EC0-301F-11D3-BF4B-00C04F79EFBC}") = "Chap08App", "Chap08App\Chap08App.csproj", "{A33D5C9E-C959-4164-89F7-C1BB737A95B7}"
EndProject
Project("{FAE04EC0-301F-11D3-BF4B-00C04F79EFBC}") = "MultiInterfaceApp", "MultiInterfaceApp\MultiInterfaceApp.csproj", "{C14B57B4-8ED6-4754-9D02-38FD71B256DB}"
EndProject
Project("{FAE04EC0-301F-11D3-BF4B-00C04F79EFBC}") = "InterfaceTestApp", "InterfaceTestApp\InterfaceTestApp.csproj", "{93CD4906-D393-4697-B49D-558D29672452}"
EndProject
Project("{FAE04EC0-301F-11D3-BF4B-00C04F79EFBC}") = "DBConnTestApp", "DBConnTestApp\DBConnTestApp.csproj", "{18816E85-A4FF-4AB4-AFF2-0AA6EDF9DA22}"
EndProject
Project("{FAE04EC0-301F-11D3-BF4B-00C04F79EFBC}") = "LoggerTestApp", "LoggerTestApp\LoggerTestApp.csproj", "{D2D4977E-6A2C-4BC3-A766-83F9A3FF26E4}"
EndProject
Global
	GlobalSection(SolutionConfigurationPlatforms) = preSolution
		Debug|Any CPU = Debug|Any CPU
		Release|Any CPU = Release|Any CPU
	EndGlobalSection
	GlobalSection(ProjectConfigurationPlatforms) = postSolution
		{A33D5C9E-C959-4164-89F7-C1BB737A95B7}.Debug|Any CPU.ActiveCfg = Debug|Any CPU
		{A33D5C9E-C959-4164-89F7-C1BB737A95B7}.Debug|Any CPU.Build.0 = Debug|Any CPU
		{A33D5C9E-C959-4164-89F7-C1BB737A95B7}.Release|Any CPU.ActiveCfg = Release|Any CPU
		{A33D5C9E-C959-4164-89F7-C1BB737A95B7}.Release|Any CPU.Build.0 = Release|Any CPU
		{C14B57B4-8ED6-4754-9D02-38FD71B256DB}.Debug|Any CPU.ActiveCfg = Debug|Any CPU
		{C14B57B4-8ED6-4754-9D02-38FD71B256DB}.Debug|Any CPU.Build.0 = Debug|Any CPU
		{C14B57B4-8ED6-4754-9D02-38FD71B256DB}.Release|Any CPU.ActiveCfg = Release|Any CPU
		{C14B57B4-8ED6-4754-9D02-38FD71B256DB}.Release|Any CPU.Build.0 = Release|Any CPU
		{93CD4906-D393-4697-B49D-558D29672452}.Debug|Any CPU.ActiveCfg = Debug|Any CPU
		{93CD4906-D393-4697-B49D-558D29672452}.Debug|Any CPU.Build.0 = Debug|Any CPU
		{93CD4906-D393-4697-B49D-558D29672452}.Release|Any CPU.ActiveCfg = Release|Any CPU
		{93CD4906-D393-4697-B49D-558D29672452}.Release|Any CPU.Build.0 = Release|Any CPU
		{18816E85-A4FF-4AB4-AFF2-0AA6EDF9DA22}.Debug|Any CPU.ActiveCfg = Debug|Any CPU
		{18816E85-A4FF-4AB4-AFF2-0AA6EDF9DA22}.Debug|Any CPU.Build.0 = Debug|Any CPU
		{18816E85-A4FF-4AB4-AFF2-0AA6EDF9DA22}.Release|Any CPU.ActiveCfg = Release|Any CPU
		{18816E85-A4FF-4AB4-AFF2-0AA6EDF9DA22}.Release|Any CPU.Build.0 = Release|Any CPU
		{D2D4977E-6A2C-4BC3-A766-83F9A3FF26E4}.Debug|Any CPU.ActiveCfg = Debug|Any CPU
		{D2D4977E-6A2C-4BC3-A766-83F9A3FF26E4}.Debug|Any CPU.Build.0 = Debug|Any CPU
		{D2D4977E-6A2C-4BC3-A766-83F9A3FF26E4}.Release|Any CPU.ActiveCfg = Release|Any CPU
		{D2D4977E-6A2C-4BC3-A766-83F9A3FF26E4}.Release|Any CPU.Build.0 = Release|Any CPU
	EndGlobalSection
	GlobalSection(SolutionProperties) = preSolution
		HideSolutionNode = FALSE
	EndGlobalSection
	GlobalSection(ExtensibilityGlobals) = postSolution
		SolutionGuid = {ED09E14A-E7AA-4A2A-A03C-D42318645CCC}
	EndGlobalSection
EndGlobal
